
Microsoft Visual Studio Solution File, Format Version 12.00
# Visual Studio 15
VisualStudioVersion = 15.0.28307.2017
MinimumVisualStudioVersion = 10.0.40219.1
Project("{FAE04EC0-301F-11D3-BF4B-00C04F79EFBC}") = "Business Requirement Management System", "Business Requirement Management System\Business Requirement Management System.csproj", "{F09095CC-31E0-4248-B495-CE76A286C236}"
EndProject
Global
	GlobalSection(SolutionConfigurationPlatforms) = preSolution
		Debug|Any CPU = Debug|Any CPU
		Release|Any CPU = Release|Any CPU
	EndGlobalSection
	GlobalSection(ProjectConfigurationPlatforms) = postSolution
		{F09095CC-31E0-4248-B495-CE76A286C236}.Debug|Any CPU.ActiveCfg = Debug|Any CPU
		{F09095CC-31E0-4248-B495-CE76A286C236}.Debug|Any CPU.Build.0 = Debug|Any CPU
		{F09095CC-31E0-4248-B495-CE76A286C236}.Release|Any CPU.ActiveCfg = Release|Any CPU
		{F09095CC-31E0-4248-B495-CE76A286C236}.Release|Any CPU.Build.0 = Release|Any CPU
	EndGlobalSection
	GlobalSection(SolutionProperties) = preSolution
		HideSolutionNode = FALSE
	EndGlobalSection
	GlobalSection(ExtensibilityGlobals) = postSolution
		SolutionGuid = {8F3EA0AB-847B-478D-A497-F2B26B425BB0}
	EndGlobalSection
EndGlobal
